# This file was autogenerated by Stack.
# You should not edit this file by hand.
# For more information, please see the documentation at:
#   https://docs.haskellstack.org/en/stable/lock_files

packages:
- completed:
    hackage: hw-simd-0.1.1.1@sha256:cc13deadfeb0c3ad44081cfeebaf9702d190895318b3a388303e49bfc9c24a4c,6399
    pantry-tree:
      size: 1942
      sha256: 1582d15573926b028d96029f046a0c346c8262322cadebd71899cd90d9eb85a0
  original:
    hackage: hw-simd-0.1.1.1
- completed:
    hackage: hw-prim-0.6.2.17@sha256:f765e65516721792b3d10aa130dabe2ad13991e325b243e5af8797a4e7f7e3da,4668
    pantry-tree:
      size: 3650
      sha256: 9279680ac1d8e691f08be690ba7f4a636734231795011aa80481232d3c50a62b
  original:
    hackage: hw-prim-0.6.2.17
- completed:
    hackage: hw-hedgehog-0.1.0.2@sha256:6257eb6fcfff405f3cd7520849cd3863c41fa371b9261a80d0350e16021a206b,1325
    pantry-tree:
      size: 394
      sha256: 6caf87e0a988eeb569453611bb9d4d5c0988e274860ab88198c1bf90cb85390e
  original:
    hackage: hw-hedgehog-0.1.0.2
- completed:
    hackage: hw-rankselect-0.12.0.3@sha256:63f22013c03c30bfef02f04f02c6e713b0f9baf1a84031466f1183128d879fdf,5063
    pantry-tree:
      size: 2167
      sha256: e0c34eca7f76c93b1b281c4df5fd06a2671dca9caf448799c7738f96ac773b87
  original:
    hackage: hw-rankselect-0.12.0.3
- completed:
    hackage: hw-rankselect-base-0.3.2.1@sha256:dc2597f22749f4c323af793bf26f8f8fbac64f2944498981441a80eb428f5e36,3485
    pantry-tree:
      size: 1477
      sha256: e027ec6d9f765f79c39ede15601d9b06578e8ba72a39590078259eb193a34571
  original:
    hackage: hw-rankselect-base-0.3.2.1
- completed:
    hackage: lazy-csv-0.5.1@sha256:aa64ed9012203b6d029458f00696b7be919bde6b5c0b67b7f68dbd4b43df62b3,1404
    pantry-tree:
      size: 451
      sha256: 1594d83f6cf93f83ac1eee367700b9d945bfa1f606ab1d040b4be3665e27085f
  original:
    hackage: lazy-csv-0.5.1
- completed:
    hackage: sv-0.1@sha256:91cde22dd7a93c88575cec319a04c9c30cfa37d946e912fa4479f80cca9c2f8d,7062
    pantry-tree:
      size: 2068
      sha256: 9e1cb4810cdc39b2fe76b9f5090700002722355da1bc0c485a56b716c7e8637e
  original:
    hackage: sv-0.1
snapshots:
- completed:
    size: 502349
    url: https://raw.githubusercontent.com/commercialhaskell/stackage-snapshots/master/lts/12/6.yaml
    sha256: fbce9f11b2f1c637855eb29fe952f3ac16c35d46836df0dee0cc54a85e1e33d6
  original: lts-12.6
